
Microsoft Visual Studio Solution File, Format Version 12.00
# Visual Studio Version 17
VisualStudioVersion = 17.13.35825.156 d17.13
MinimumVisualStudioVersion = 10.0.40219.1
Project("{FAE04EC0-301F-11D3-BF4B-00C04F79EFBC}") = "BankEmployeeAPI", "BankEmployeeAPI.csproj", "{4C1A4D18-AEAF-CCD8-1475-99D7429D9E01}"
EndProject
Global
	GlobalSection(SolutionConfigurationPlatforms) = preSolution
		Debug|Any CPU = Debug|Any CPU
		Release|Any CPU = Release|Any CPU
	EndGlobalSection
	GlobalSection(ProjectConfigurationPlatforms) = postSolution
		{4C1A4D18-AEAF-CCD8-1475-99D7429D9E01}.Debug|Any CPU.ActiveCfg = Debug|Any CPU
		{4C1A4D18-AEAF-CCD8-1475-99D7429D9E01}.Debug|Any CPU.Build.0 = Debug|Any CPU
		{4C1A4D18-AEAF-CCD8-1475-99D7429D9E01}.Release|Any CPU.ActiveCfg = Release|Any CPU
		{4C1A4D18-AEAF-CCD8-1475-99D7429D9E01}.Release|Any CPU.Build.0 = Release|Any CPU
	EndGlobalSection
	GlobalSection(SolutionProperties) = preSolution
		HideSolutionNode = FALSE
	EndGlobalSection
	GlobalSection(ExtensibilityGlobals) = postSolution
		SolutionGuid = {7D216E6B-8794-48E1-AC04-7D7A29053234}
	EndGlobalSection
EndGlobal
